
Microsoft Visual Studio Solution File, Format Version 12.00
# Visual Studio Version 16
VisualStudioVersion = 16.0.30406.217
MinimumVisualStudioVersion = 10.0.40219.1
Project("{2150E333-8FDC-42A3-9474-1A3956D46DE8}") = "src", "src", "{4BCC5C2A-5A18-4E02-A783-DD7FAF867B12}"
EndProject
Project("{9A19103F-16F7-4668-BE54-9A1E7A4F7556}") = "KTEC.CLI", "src\KTEC.CLI\KTEC.CLI.csproj", "{64A07CAC-0E56-4CA0-B2A7-BBD6B87ED231}"
EndProject
Project("{FAE04EC0-301F-11D3-BF4B-00C04F79EFBC}") = "KTEC.Core", "src\KTEC.Core\KTEC.Core.csproj", "{146C77D3-2346-44F3-BF06-FA1DB5DECBF0}"
EndProject
Project("{FAE04EC0-301F-11D3-BF4B-00C04F79EFBC}") = "KTEC.API", "src\KTEC.API\KTEC.API.csproj", "{EBFD6715-FFBE-415D-A4DB-C35270C57A24}"
EndProject
Global
	GlobalSection(SolutionConfigurationPlatforms) = preSolution
		Debug|Any CPU = Debug|Any CPU
		Release|Any CPU = Release|Any CPU
	EndGlobalSection
	GlobalSection(ProjectConfigurationPlatforms) = postSolution
		{64A07CAC-0E56-4CA0-B2A7-BBD6B87ED231}.Debug|Any CPU.ActiveCfg = Debug|Any CPU
		{64A07CAC-0E56-4CA0-B2A7-BBD6B87ED231}.Debug|Any CPU.Build.0 = Debug|Any CPU
		{64A07CAC-0E56-4CA0-B2A7-BBD6B87ED231}.Release|Any CPU.ActiveCfg = Release|Any CPU
		{64A07CAC-0E56-4CA0-B2A7-BBD6B87ED231}.Release|Any CPU.Build.0 = Release|Any CPU
		{146C77D3-2346-44F3-BF06-FA1DB5DECBF0}.Debug|Any CPU.ActiveCfg = Debug|Any CPU
		{146C77D3-2346-44F3-BF06-FA1DB5DECBF0}.Debug|Any CPU.Build.0 = Debug|Any CPU
		{146C77D3-2346-44F3-BF06-FA1DB5DECBF0}.Release|Any CPU.ActiveCfg = Release|Any CPU
		{146C77D3-2346-44F3-BF06-FA1DB5DECBF0}.Release|Any CPU.Build.0 = Release|Any CPU
		{EBFD6715-FFBE-415D-A4DB-C35270C57A24}.Debug|Any CPU.ActiveCfg = Debug|Any CPU
		{EBFD6715-FFBE-415D-A4DB-C35270C57A24}.Debug|Any CPU.Build.0 = Debug|Any CPU
		{EBFD6715-FFBE-415D-A4DB-C35270C57A24}.Release|Any CPU.ActiveCfg = Release|Any CPU
		{EBFD6715-FFBE-415D-A4DB-C35270C57A24}.Release|Any CPU.Build.0 = Release|Any CPU
	EndGlobalSection
	GlobalSection(SolutionProperties) = preSolution
		HideSolutionNode = FALSE
	EndGlobalSection
	GlobalSection(NestedProjects) = preSolution
		{64A07CAC-0E56-4CA0-B2A7-BBD6B87ED231} = {4BCC5C2A-5A18-4E02-A783-DD7FAF867B12}
		{146C77D3-2346-44F3-BF06-FA1DB5DECBF0} = {4BCC5C2A-5A18-4E02-A783-DD7FAF867B12}
		{EBFD6715-FFBE-415D-A4DB-C35270C57A24} = {4BCC5C2A-5A18-4E02-A783-DD7FAF867B12}
	EndGlobalSection
	GlobalSection(ExtensibilityGlobals) = postSolution
		SolutionGuid = {F270524D-720B-460C-BDDD-05AD286517EE}
	EndGlobalSection
EndGlobal
